
Microsoft Visual Studio Solution File, Format Version 12.00
# Visual Studio Version 16
VisualStudioVersion = 16.0.29609.76
MinimumVisualStudioVersion = 10.0.40219.1
Project("{8BC9CEB8-8B4A-11D0-8D11-00A0C91BC942}") = "EO1", "EO1\EO1.vcxproj", "{14B99920-15B4-4C05-9EAE-9A19CEB6C65F}"
EndProject
Project("{8BC9CEB8-8B4A-11D0-8D11-00A0C91BC942}") = "E02", "E02\E02.vcxproj", "{D220A021-F583-43E5-9AFC-0A648E59CC34}"
EndProject
Project("{8BC9CEB8-8B4A-11D0-8D11-00A0C91BC942}") = "E03", "E03\E03.vcxproj", "{E60B5B2D-19E8-4FD3-BFF7-CB908C5A651A}"
EndProject
Project("{8BC9CEB8-8B4A-11D0-8D11-00A0C91BC942}") = "E04 - Circle Creation", "E04\E04.vcxproj", "{531771BB-7F7E-47FF-A148-2AC8F76235A0}"
EndProject
Project("{8BC9CEB8-8B4A-11D0-8D11-00A0C91BC942}") = "E05", "E05\E05.vcxproj", "{F8D2226D-0FEB-4B92-9F76-59DBB6936F5C}"
EndProject
Project("{8BC9CEB8-8B4A-11D0-8D11-00A0C91BC942}") = "E06.5 - LERP", "E06\E06.5 - LERP.vcxproj", "{822E40D2-80A1-46EB-AD93-EC28C4F145ED}"
EndProject
Project("{8BC9CEB8-8B4A-11D0-8D11-00A0C91BC942}") = "E07 - Gimbal Removal", "E07 - Gimbal Removal\E07 - Gimbal Removal.vcxproj", "{562D9687-E5A5-4AE5-BCDA-0391D518E7BD}"
EndProject
Project("{8BC9CEB8-8B4A-11D0-8D11-00A0C91BC942}") = "E08 - Projections", "E08 - Projections\E08 - Projections.vcxproj", "{0BFF89F3-1A79-4B83-A0EB-7C16FDA662E1}"
EndProject
Global
	GlobalSection(SolutionConfigurationPlatforms) = preSolution
		Debug|x64 = Debug|x64
		Debug|x86 = Debug|x86
		Release|x64 = Release|x64
		Release|x86 = Release|x86
	EndGlobalSection
	GlobalSection(ProjectConfigurationPlatforms) = postSolution
		{14B99920-15B4-4C05-9EAE-9A19CEB6C65F}.Debug|x64.ActiveCfg = Debug|x64
		{14B99920-15B4-4C05-9EAE-9A19CEB6C65F}.Debug|x64.Build.0 = Debug|x64
		{14B99920-15B4-4C05-9EAE-9A19CEB6C65F}.Debug|x86.ActiveCfg = Debug|Win32
		{14B99920-15B4-4C05-9EAE-9A19CEB6C65F}.Debug|x86.Build.0 = Debug|Win32
		{14B99920-15B4-4C05-9EAE-9A19CEB6C65F}.Release|x64.ActiveCfg = Release|x64
		{14B99920-15B4-4C05-9EAE-9A19CEB6C65F}.Release|x64.Build.0 = Release|x64
		{14B99920-15B4-4C05-9EAE-9A19CEB6C65F}.Release|x86.ActiveCfg = Release|Win32
		{14B99920-15B4-4C05-9EAE-9A19CEB6C65F}.Release|x86.Build.0 = Release|Win32
		{D220A021-F583-43E5-9AFC-0A648E59CC34}.Debug|x64.ActiveCfg = Debug|x64
		{D220A021-F583-43E5-9AFC-0A648E59CC34}.Debug|x64.Build.0 = Debug|x64
		{D220A021-F583-43E5-9AFC-0A648E59CC34}.Debug|x86.ActiveCfg = Debug|Win32
		{D220A021-F583-43E5-9AFC-0A648E59CC34}.Debug|x86.Build.0 = Debug|Win32
		{D220A021-F583-43E5-9AFC-0A648E59CC34}.Release|x64.ActiveCfg = Release|x64
		{D220A021-F583-43E5-9AFC-0A648E59CC34}.Release|x64.Build.0 = Release|x64
		{D220A021-F583-43E5-9AFC-0A648E59CC34}.Release|x86.ActiveCfg = Release|Win32
		{D220A021-F583-43E5-9AFC-0A648E59CC34}.Release|x86.Build.0 = Release|Win32
		{E60B5B2D-19E8-4FD3-BFF7-CB908C5A651A}.Debug|x64.ActiveCfg = Debug|Win32
		{E60B5B2D-19E8-4FD3-BFF7-CB908C5A651A}.Debug|x86.ActiveCfg = Debug|Win32
		{E60B5B2D-19E8-4FD3-BFF7-CB908C5A651A}.Debug|x86.Build.0 = Debug|Win32
		{E60B5B2D-19E8-4FD3-BFF7-CB908C5A651A}.Release|x64.ActiveCfg = Release|Win32
		{E60B5B2D-19E8-4FD3-BFF7-CB908C5A651A}.Release|x86.ActiveCfg = Release|Win32
		{E60B5B2D-19E8-4FD3-BFF7-CB908C5A651A}.Release|x86.Build.0 = Release|Win32
		{531771BB-7F7E-47FF-A148-2AC8F76235A0}.Debug|x64.ActiveCfg = Debug|Win32
		{531771BB-7F7E-47FF-A148-2AC8F76235A0}.Debug|x86.ActiveCfg = Debug|Win32
		{531771BB-7F7E-47FF-A148-2AC8F76235A0}.Debug|x86.Build.0 = Debug|Win32
		{531771BB-7F7E-47FF-A148-2AC8F76235A0}.Release|x64.ActiveCfg = Release|Win32
		{531771BB-7F7E-47FF-A148-2AC8F76235A0}.Release|x86.ActiveCfg = Release|Win32
		{531771BB-7F7E-47FF-A148-2AC8F76235A0}.Release|x86.Build.0 = Release|Win32
		{F8D2226D-0FEB-4B92-9F76-59DBB6936F5C}.Debug|x64.ActiveCfg = Debug|Win32
		{F8D2226D-0FEB-4B92-9F76-59DBB6936F5C}.Debug|x86.ActiveCfg = Debug|Win32
		{F8D2226D-0FEB-4B92-9F76-59DBB6936F5C}.Debug|x86.Build.0 = Debug|Win32
		{F8D2226D-0FEB-4B92-9F76-59DBB6936F5C}.Release|x64.ActiveCfg = Release|Win32
		{F8D2226D-0FEB-4B92-9F76-59DBB6936F5C}.Release|x86.ActiveCfg = Release|Win32
		{F8D2226D-0FEB-4B92-9F76-59DBB6936F5C}.Release|x86.Build.0 = Release|Win32
		{822E40D2-80A1-46EB-AD93-EC28C4F145ED}.Debug|x64.ActiveCfg = Debug|Win32
		{822E40D2-80A1-46EB-AD93-EC28C4F145ED}.Debug|x86.ActiveCfg = Debug|Win32
		{822E40D2-80A1-46EB-AD93-EC28C4F145ED}.Debug|x86.Build.0 = Debug|Win32
		{822E40D2-80A1-46EB-AD93-EC28C4F145ED}.Release|x64.ActiveCfg = Release|Win32
		{822E40D2-80A1-46EB-AD93-EC28C4F145ED}.Release|x86.ActiveCfg = Release|Win32
		{822E40D2-80A1-46EB-AD93-EC28C4F145ED}.Release|x86.Build.0 = Release|Win32
		{562D9687-E5A5-4AE5-BCDA-0391D518E7BD}.Debug|x64.ActiveCfg = Debug|Win32
		{562D9687-E5A5-4AE5-BCDA-0391D518E7BD}.Debug|x86.ActiveCfg = Debug|Win32
		{562D9687-E5A5-4AE5-BCDA-0391D518E7BD}.Debug|x86.Build.0 = Debug|Win32
		{562D9687-E5A5-4AE5-BCDA-0391D518E7BD}.Release|x64.ActiveCfg = Release|Win32
		{562D9687-E5A5-4AE5-BCDA-0391D518E7BD}.Release|x86.ActiveCfg = Release|Win32
		{562D9687-E5A5-4AE5-BCDA-0391D518E7BD}.Release|x86.Build.0 = Release|Win32
		{0BFF89F3-1A79-4B83-A0EB-7C16FDA662E1}.Debug|x64.ActiveCfg = Debug|Win32
		{0BFF89F3-1A79-4B83-A0EB-7C16FDA662E1}.Debug|x86.ActiveCfg = Debug|Win32
		{0BFF89F3-1A79-4B83-A0EB-7C16FDA662E1}.Debug|x86.Build.0 = Debug|Win32
		{0BFF89F3-1A79-4B83-A0EB-7C16FDA662E1}.Release|x64.ActiveCfg = Release|Win32
		{0BFF89F3-1A79-4B83-A0EB-7C16FDA662E1}.Release|x86.ActiveCfg = Release|Win32
		{0BFF89F3-1A79-4B83-A0EB-7C16FDA662E1}.Release|x86.Build.0 = Release|Win32
	EndGlobalSection
	GlobalSection(SolutionProperties) = preSolution
		HideSolutionNode = FALSE
	EndGlobalSection
	GlobalSection(ExtensibilityGlobals) = postSolution
		SolutionGuid = {6292F8AC-E55D-4072-80FD-E9E1F75B19D4}
	EndGlobalSection
EndGlobal
